
Microsoft Visual Studio Solution File, Format Version 12.00
# Visual Studio Version 16
VisualStudioVersion = 16.0.32106.194
MinimumVisualStudioVersion = 10.0.40219.1
Project("{FAE04EC0-301F-11D3-BF4B-00C04F79EFBC}") = "MyFirstProject", "MyFirstProject.csproj", "{88ED9943-FA7C-4AB4-B917-07D3EB8EFC51}"
EndProject
Global
	GlobalSection(SolutionConfigurationPlatforms) = preSolution
		Debug|Any CPU = Debug|Any CPU
		Release|Any CPU = Release|Any CPU
	EndGlobalSection
	GlobalSection(ProjectConfigurationPlatforms) = postSolution
		{88ED9943-FA7C-4AB4-B917-07D3EB8EFC51}.Debug|Any CPU.ActiveCfg = Debug|Any CPU
		{88ED9943-FA7C-4AB4-B917-07D3EB8EFC51}.Debug|Any CPU.Build.0 = Debug|Any CPU
		{88ED9943-FA7C-4AB4-B917-07D3EB8EFC51}.Release|Any CPU.ActiveCfg = Release|Any CPU
		{88ED9943-FA7C-4AB4-B917-07D3EB8EFC51}.Release|Any CPU.Build.0 = Release|Any CPU
	EndGlobalSection
	GlobalSection(SolutionProperties) = preSolution
		HideSolutionNode = FALSE
	EndGlobalSection
	GlobalSection(ExtensibilityGlobals) = postSolution
		SolutionGuid = {073E5F31-684D-4F34-AA81-BE3507D6500D}
	EndGlobalSection
EndGlobal
