
Microsoft Visual Studio Solution File, Format Version 12.00
# Visual Studio Version 16
VisualStudioVersion = 16.0.30503.244
MinimumVisualStudioVersion = 10.0.40219.1
Project("{9A19103F-16F7-4668-BE54-9A1E7A4F7556}") = "InvokeAPIUsingHttpClinet", "InvokeAPIUsingHttpClinet\InvokeAPIUsingHttpClinet.csproj", "{EDA820DA-DF02-4577-8A58-E0B97486CDCF}"
EndProject
Project("{9A19103F-16F7-4668-BE54-9A1E7A4F7556}") = "HandsOnAPIWithEF", "HandsOnAPIWithEF\HandsOnAPIWithEF\HandsOnAPIWithEF.csproj", "{4FAF2401-9CA1-4C5E-AB45-4E951CEF87CC}"
EndProject
Project("{FAE04EC0-301F-11D3-BF4B-00C04F79EFBC}") = "InvokeAPIUsingJQuery", "InvokeAPIUsingJQuery\InvokeAPIUsingJQuery.csproj", "{8BE6EFEB-F510-48B7-88AD-0EDD111CC211}"
EndProject
Global
	GlobalSection(SolutionConfigurationPlatforms) = preSolution
		Debug|Any CPU = Debug|Any CPU
		Release|Any CPU = Release|Any CPU
	EndGlobalSection
	GlobalSection(ProjectConfigurationPlatforms) = postSolution
		{EDA820DA-DF02-4577-8A58-E0B97486CDCF}.Debug|Any CPU.ActiveCfg = Debug|Any CPU
		{EDA820DA-DF02-4577-8A58-E0B97486CDCF}.Debug|Any CPU.Build.0 = Debug|Any CPU
		{EDA820DA-DF02-4577-8A58-E0B97486CDCF}.Release|Any CPU.ActiveCfg = Release|Any CPU
		{EDA820DA-DF02-4577-8A58-E0B97486CDCF}.Release|Any CPU.Build.0 = Release|Any CPU
		{4FAF2401-9CA1-4C5E-AB45-4E951CEF87CC}.Debug|Any CPU.ActiveCfg = Debug|Any CPU
		{4FAF2401-9CA1-4C5E-AB45-4E951CEF87CC}.Debug|Any CPU.Build.0 = Debug|Any CPU
		{4FAF2401-9CA1-4C5E-AB45-4E951CEF87CC}.Release|Any CPU.ActiveCfg = Release|Any CPU
		{4FAF2401-9CA1-4C5E-AB45-4E951CEF87CC}.Release|Any CPU.Build.0 = Release|Any CPU
		{8BE6EFEB-F510-48B7-88AD-0EDD111CC211}.Debug|Any CPU.ActiveCfg = Debug|Any CPU
		{8BE6EFEB-F510-48B7-88AD-0EDD111CC211}.Debug|Any CPU.Build.0 = Debug|Any CPU
		{8BE6EFEB-F510-48B7-88AD-0EDD111CC211}.Release|Any CPU.ActiveCfg = Release|Any CPU
		{8BE6EFEB-F510-48B7-88AD-0EDD111CC211}.Release|Any CPU.Build.0 = Release|Any CPU
	EndGlobalSection
	GlobalSection(SolutionProperties) = preSolution
		HideSolutionNode = FALSE
	EndGlobalSection
	GlobalSection(ExtensibilityGlobals) = postSolution
		SolutionGuid = {B096C45B-BA25-48D5-9BA1-9E29D0F36753}
	EndGlobalSection
EndGlobal
