
Microsoft Visual Studio Solution File, Format Version 12.00
# Visual Studio Version 16
VisualStudioVersion = 16.0.32106.194
MinimumVisualStudioVersion = 10.0.40219.1
Project("{FAE04EC0-301F-11D3-BF4B-00C04F79EFBC}") = "EMS.API", "EMS.API.csproj", "{EC470BB0-42F6-400E-A7A0-9A0639C6FF7E}"
EndProject
Global
	GlobalSection(SolutionConfigurationPlatforms) = preSolution
		Debug|Any CPU = Debug|Any CPU
		Release|Any CPU = Release|Any CPU
	EndGlobalSection
	GlobalSection(ProjectConfigurationPlatforms) = postSolution
		{EC470BB0-42F6-400E-A7A0-9A0639C6FF7E}.Debug|Any CPU.ActiveCfg = Debug|Any CPU
		{EC470BB0-42F6-400E-A7A0-9A0639C6FF7E}.Debug|Any CPU.Build.0 = Debug|Any CPU
		{EC470BB0-42F6-400E-A7A0-9A0639C6FF7E}.Release|Any CPU.ActiveCfg = Release|Any CPU
		{EC470BB0-42F6-400E-A7A0-9A0639C6FF7E}.Release|Any CPU.Build.0 = Release|Any CPU
	EndGlobalSection
	GlobalSection(SolutionProperties) = preSolution
		HideSolutionNode = FALSE
	EndGlobalSection
	GlobalSection(ExtensibilityGlobals) = postSolution
		SolutionGuid = {79519684-FD8A-477B-92F4-91BCBC7B35C7}
	EndGlobalSection
EndGlobal
