
Microsoft Visual Studio Solution File, Format Version 12.00
# Visual Studio Version 16
VisualStudioVersion = 16.0.32106.194
MinimumVisualStudioVersion = 10.0.40219.1
Project("{FAE04EC0-301F-11D3-BF4B-00C04F79EFBC}") = "HandsOnMVCWithEF", "HandsOnMVCWithEF.csproj", "{3256A596-7130-4F12-8408-41C732C40F2F}"
EndProject
Global
	GlobalSection(SolutionConfigurationPlatforms) = preSolution
		Debug|Any CPU = Debug|Any CPU
		Release|Any CPU = Release|Any CPU
	EndGlobalSection
	GlobalSection(ProjectConfigurationPlatforms) = postSolution
		{3256A596-7130-4F12-8408-41C732C40F2F}.Debug|Any CPU.ActiveCfg = Debug|Any CPU
		{3256A596-7130-4F12-8408-41C732C40F2F}.Debug|Any CPU.Build.0 = Debug|Any CPU
		{3256A596-7130-4F12-8408-41C732C40F2F}.Release|Any CPU.ActiveCfg = Release|Any CPU
		{3256A596-7130-4F12-8408-41C732C40F2F}.Release|Any CPU.Build.0 = Release|Any CPU
	EndGlobalSection
	GlobalSection(SolutionProperties) = preSolution
		HideSolutionNode = FALSE
	EndGlobalSection
	GlobalSection(ExtensibilityGlobals) = postSolution
		SolutionGuid = {CB47FA98-E940-42E4-A9CF-E3CC61AE643F}
	EndGlobalSection
EndGlobal
