
Microsoft Visual Studio Solution File, Format Version 12.00
# Visual Studio Version 16
VisualStudioVersion = 16.0.32106.194
MinimumVisualStudioVersion = 10.0.40219.1
Project("{FAE04EC0-301F-11D3-BF4B-00C04F79EFBC}") = "HandsOnMVCUsingModelValidation", "HandsOnMVCUsingModelValidation.csproj", "{A3423589-7151-40B1-8A72-B5AFD6EFF007}"
EndProject
Global
	GlobalSection(SolutionConfigurationPlatforms) = preSolution
		Debug|Any CPU = Debug|Any CPU
		Release|Any CPU = Release|Any CPU
	EndGlobalSection
	GlobalSection(ProjectConfigurationPlatforms) = postSolution
		{A3423589-7151-40B1-8A72-B5AFD6EFF007}.Debug|Any CPU.ActiveCfg = Debug|Any CPU
		{A3423589-7151-40B1-8A72-B5AFD6EFF007}.Debug|Any CPU.Build.0 = Debug|Any CPU
		{A3423589-7151-40B1-8A72-B5AFD6EFF007}.Release|Any CPU.ActiveCfg = Release|Any CPU
		{A3423589-7151-40B1-8A72-B5AFD6EFF007}.Release|Any CPU.Build.0 = Release|Any CPU
	EndGlobalSection
	GlobalSection(SolutionProperties) = preSolution
		HideSolutionNode = FALSE
	EndGlobalSection
	GlobalSection(ExtensibilityGlobals) = postSolution
		SolutionGuid = {0D628093-99BF-4680-B5DC-A35D720D0B9E}
	EndGlobalSection
EndGlobal
